{
  "type": "service_account",
  "project_id": "wizro0",
  "private_key_id": "0d41d7392621527d5699955658a7fee9ef8c40db",
  "private_key": "-----BEGIN PRIVATE KEY-----\nMIIEvQIBADANBgkqhkiG9w0BAQEFAASCBKcwggSjAgEAAoIBAQCygUEO6yzePGnN\nvXsEIszO5uAnOY4AhAYDyVcIAmUCynL0r7+FsxkPnhVKLhIL5Jws7AH2eJLneLBH\nWygr8eTZyKXTDb6XqM+MOaVZEOAXWj7smNNGkCtHmBqB3jAvvR2J/j6mMC5m3M5z\nRWyvtSNomw3DUVx6qQOcSdlBJjcHZWMU9z5wYfR3e1kV5iTdYacNYax8Kgg3JoK2\n0DrEo1sdoQbR61x2oFkgaUguc0M8cNAFGc56lYBpo8U2SuzK27EF4HozUooB9Znu\nzs4PNcYCsqU59fElq5embxZzalfobBMzEGg6DJDpkZ9qqx3zXAGORTUMPRtgLNSu\n2zSBO02NAgMBAAECggEABZQxFJaIizSPqPi2TsmIpaHFGSy9EaqOppElGXC7t/Pc\nVmXkwji3/Is4Bp68fScqs2O35vxbOQVGWyCP95miiaTx+8/m6EYEIJGPp6I1or01\nEL9xAPhSBfWMxIjNcDyEnxK1YgvI83mMsUEW9cHfRq5r5nIVRhcgsAKF2fmoCCDX\nc8Z7WkSH1d178tTkS5N8zIXu9kKQTg+/JlWOWJcW9AOWW2Uce27t/12Veuvd00Wo\nQ+URXdN3h2h+foM3EyVcI0NKBg4nLZnMlsu5twkzbzoN30Ho4Png2GNdpmpDEo5W\nK1F3Ayp+8NWece4o8OCfzk4DjWH34ZOeTj7kxXhN+QKBgQDaA0o7c37Q7zi33phe\n1VXhdlorzKJtyptboEGcqygy/FKGCOiTqOrLXXBdACr9sfjrSj5x3htPoexFkYGW\nMgnRMl3qQDud7Rdjjb+dfG9NMB9zsExBSzRRMFhWsggKrjZ7ITKL+sYZb9NS2ccx\nSzUXLBpLFNLbqD7g4o5jkk/zmQKBgQDRm6rO9ocTHBvIY/l8m14fA+SqQApEQzrK\n1toF+Y42JY0S9QJsvyjUX1FtWgvPibh5hIpmx44sy9ahy4FuDIhZC8skg2zB7hAm\nvoI0okitszyJFPRRKRSXQwmW8aubVZelzHu8vBJNsHqtvEc1rKywVkEN2ZqFxE2U\nk6A1yCIiFQKBgHeG1D0SDlZIwcT1Un6z4hjxxXA8ClW9fj3W+AIISMrjUe9QlQrX\n0prayM8EV42t9LYzh1bwmfKn6R0fMHgDSSSbw6e5vbXRFkCrp4GVhoRAPQ41eylV\nLQLSSayGgSgx6YbKZacfP1sU1zyWT8Jz5FCnCmddrFlnvcmYDM8EmbcJAoGATAlq\nVxW7PkVuFq2drYQ3Co1BADmm/8hbpYV3Jb+3xRCuMnhK3uQhjZjeUwrdSfYtw3c/\nNbWib8GqJJtMYn2NYLAUizRZ2afgmA138lwEfW6NwTSmxGJgo9afvfABTqIoFu8s\n2/Rlt2UTu76XHnN7WaSQiNOtaGUjt4guEBR/vVkCgYEApYLiAhfjfo/sGWvmudQk\ngceVsPspuPZQo+/XALprBqWPQvKd419IW/+HZnZXlNs7qoQ7Z/wE3z2lryKIhqs6\npra1ZaZRgAMlyBX68dG0NHF7WTK/I39CpkDRga0RdTSDhugsNSwY3Nz5BRcGWroW\n2ozeELAww5xsmZjQKOOk8KY=\n-----END PRIVATE KEY-----\n",
  "client_email": "wizro0sa@wizro0.iam.gserviceaccount.com",
  "client_id": "105377587692919034300",
  "auth_uri": "https://accounts.google.com/o/oauth2/auth",
  "token_uri": "https://oauth2.googleapis.com/token",
  "auth_provider_x509_cert_url": "https://www.googleapis.com/oauth2/v1/certs",
  "client_x509_cert_url": "https://www.googleapis.com/robot/v1/metadata/x509/wizro0sa%40wizro0.iam.gserviceaccount.com"
}
